// !$*UTF8*$!
{
	archiveVersion = 1;
	classes = {
	};
	objectVersion = 46;
	objects = {

/* Begin PBXBuildFile section */
		721FA5DA1933B7A30005D58C /* layer.cpp in Sources */ = {isa = PBXBuildFile; fileRef = 721FA5D91933B7A30005D58C /* layer.cpp */; };
		721FA5DE19342F490005D58C /* convnet.cpp in Sources */ = {isa = PBXBuildFile; fileRef = 721FA5DD19342F490005D58C /* convnet.cpp */; };
		722F42EA192FFEEF004C5A4B /* visual.cpp in Sources */ = {isa = PBXBuildFile; fileRef = 722F42E9192FFEEF004C5A4B /* visual.cpp */; };
		722F42F119302555004C5A4B /* libopencv_core.2.4.8.dylib in Frameworks */ = {isa = PBXBuildFile; fileRef = 722F42EC19302555004C5A4B /* libopencv_core.2.4.8.dylib */; };
		722F42F219302555004C5A4B /* libopencv_gpu.2.4.8.dylib in Frameworks */ = {isa = PBXBuildFile; fileRef = 722F42ED19302555004C5A4B /* libopencv_gpu.2.4.8.dylib */; };
		722F42F319302555004C5A4B /* libopencv_highgui.2.4.8.dylib in Frameworks */ = {isa = PBXBuildFile; fileRef = 722F42EE19302555004C5A4B /* libopencv_highgui.2.4.8.dylib */; };
		722F42F419302555004C5A4B /* libopencv_imgproc.2.4.8.dylib in Frameworks */ = {isa = PBXBuildFile; fileRef = 722F42EF19302555004C5A4B /* libopencv_imgproc.2.4.8.dylib */; };
		7257CB911934E3D00008DBAA /* test.cpp in Sources */ = {isa = PBXBuildFile; fileRef = 7257CB8F1934E3D00008DBAA /* test.cpp */; };
		728DFD2D192E958900D93082 /* main.cpp in Sources */ = {isa = PBXBuildFile; fileRef = 728DFD2C192E958900D93082 /* main.cpp */; };
		728DFD2F192E958900D93082 /* Alpha.1 in CopyFiles */ = {isa = PBXBuildFile; fileRef = 728DFD2E192E958900D93082 /* Alpha.1 */; };
		728DFD3D192E9D2900D93082 /* helper.cpp in Sources */ = {isa = PBXBuildFile; fileRef = 728DFD3C192E9D2900D93082 /* helper.cpp */; };
/* End PBXBuildFile section */

/* Begin PBXCopyFilesBuildPhase section */
		728DFD27192E958900D93082 /* CopyFiles */ = {
			isa = PBXCopyFilesBuildPhase;
			buildActionMask = 2147483647;
			dstPath = /usr/share/man/man1/;
			dstSubfolderSpec = 0;
			files = (
				728DFD2F192E958900D93082 /* Alpha.1 in CopyFiles */,
			);
			runOnlyForDeploymentPostprocessing = 1;
		};
/* End PBXCopyFilesBuildPhase section */

/* Begin PBXFileReference section */
		721FA5D91933B7A30005D58C /* layer.cpp */ = {isa = PBXFileReference; fileEncoding = 4; lastKnownFileType = sourcecode.cpp.cpp; path = layer.cpp; sourceTree = "<group>"; };
		721FA5DB193411F70005D58C /* layer.h */ = {isa = PBXFileReference; lastKnownFileType = sourcecode.c.h; path = layer.h; sourceTree = "<group>"; };
		721FA5DC1934183D0005D58C /* convnet.h */ = {isa = PBXFileReference; lastKnownFileType = sourcecode.c.h; path = convnet.h; sourceTree = "<group>"; };
		721FA5DD19342F490005D58C /* convnet.cpp */ = {isa = PBXFileReference; fileEncoding = 4; lastKnownFileType = sourcecode.cpp.cpp; path = convnet.cpp; sourceTree = "<group>"; };
		722F42E8192FFE8D004C5A4B /* visual.h */ = {isa = PBXFileReference; lastKnownFileType = sourcecode.c.h; path = visual.h; sourceTree = "<group>"; };
		722F42E9192FFEEF004C5A4B /* visual.cpp */ = {isa = PBXFileReference; fileEncoding = 4; lastKnownFileType = sourcecode.cpp.cpp; path = visual.cpp; sourceTree = "<group>"; };
		722F42EC19302555004C5A4B /* libopencv_core.2.4.8.dylib */ = {isa = PBXFileReference; lastKnownFileType = "compiled.mach-o.dylib"; name = libopencv_core.2.4.8.dylib; path = ../../../../../../../usr/local/Cellar/opencv/2.4.8.2/lib/libopencv_core.2.4.8.dylib; sourceTree = "<group>"; };
		722F42ED19302555004C5A4B /* libopencv_gpu.2.4.8.dylib */ = {isa = PBXFileReference; lastKnownFileType = "compiled.mach-o.dylib"; name = libopencv_gpu.2.4.8.dylib; path = ../../../../../../../usr/local/Cellar/opencv/2.4.8.2/lib/libopencv_gpu.2.4.8.dylib; sourceTree = "<group>"; };
		722F42EE19302555004C5A4B /* libopencv_highgui.2.4.8.dylib */ = {isa = PBXFileReference; lastKnownFileType = "compiled.mach-o.dylib"; name = libopencv_highgui.2.4.8.dylib; path = ../../../../../../../usr/local/Cellar/opencv/2.4.8.2/lib/libopencv_highgui.2.4.8.dylib; sourceTree = "<group>"; };
		722F42EF19302555004C5A4B /* libopencv_imgproc.2.4.8.dylib */ = {isa = PBXFileReference; lastKnownFileType = "compiled.mach-o.dylib"; name = libopencv_imgproc.2.4.8.dylib; path = ../../../../../../../usr/local/Cellar/opencv/2.4.8.2/lib/libopencv_imgproc.2.4.8.dylib; sourceTree = "<group>"; };
		7257CB8F1934E3D00008DBAA /* test.cpp */ = {isa = PBXFileReference; fileEncoding = 4; lastKnownFileType = sourcecode.cpp.cpp; path = test.cpp; sourceTree = "<group>"; };
		7257CB901934E3D00008DBAA /* test.h */ = {isa = PBXFileReference; fileEncoding = 4; lastKnownFileType = sourcecode.c.h; path = test.h; sourceTree = "<group>"; };
		726FE6BA19362F2E009896AC /* configuration.h */ = {isa = PBXFileReference; lastKnownFileType = sourcecode.c.h; path = configuration.h; sourceTree = "<group>"; };
		728DFD29192E958900D93082 /* Alpha */ = {isa = PBXFileReference; explicitFileType = "compiled.mach-o.executable"; includeInIndex = 0; path = Alpha; sourceTree = BUILT_PRODUCTS_DIR; };
		728DFD2C192E958900D93082 /* main.cpp */ = {isa = PBXFileReference; lastKnownFileType = sourcecode.cpp.cpp; path = main.cpp; sourceTree = "<group>"; };
		728DFD2E192E958900D93082 /* Alpha.1 */ = {isa = PBXFileReference; lastKnownFileType = text.man; path = Alpha.1; sourceTree = "<group>"; };
		728DFD37192E965900D93082 /* utils.h */ = {isa = PBXFileReference; lastKnownFileType = sourcecode.c.h; path = utils.h; sourceTree = "<group>"; };
		728DFD3C192E9D2900D93082 /* helper.cpp */ = {isa = PBXFileReference; fileEncoding = 4; lastKnownFileType = sourcecode.cpp.cpp; path = helper.cpp; sourceTree = "<group>"; };
		728DFD3E192EA38B00D93082 /* helper.h */ = {isa = PBXFileReference; lastKnownFileType = sourcecode.c.h; path = helper.h; sourceTree = "<group>"; };
/* End PBXFileReference section */

/* Begin PBXFrameworksBuildPhase section */
		728DFD26192E958900D93082 /* Frameworks */ = {
			isa = PBXFrameworksBuildPhase;
			buildActionMask = 2147483647;
			files = (
				722F42F219302555004C5A4B /* libopencv_gpu.2.4.8.dylib in Frameworks */,
				722F42F419302555004C5A4B /* libopencv_imgproc.2.4.8.dylib in Frameworks */,
				722F42F119302555004C5A4B /* libopencv_core.2.4.8.dylib in Frameworks */,
				722F42F319302555004C5A4B /* libopencv_highgui.2.4.8.dylib in Frameworks */,
			);
			runOnlyForDeploymentPostprocessing = 0;
		};
/* End PBXFrameworksBuildPhase section */

/* Begin PBXGroup section */
		722F42EB1930008A004C5A4B /* OpenCV */ = {
			isa = PBXGroup;
			children = (
				722F42EC19302555004C5A4B /* libopencv_core.2.4.8.dylib */,
				722F42ED19302555004C5A4B /* libopencv_gpu.2.4.8.dylib */,
				722F42EE19302555004C5A4B /* libopencv_highgui.2.4.8.dylib */,
				722F42EF19302555004C5A4B /* libopencv_imgproc.2.4.8.dylib */,
			);
			name = OpenCV;
			sourceTree = "<group>";
		};
		728DFD20192E958900D93082 = {
			isa = PBXGroup;
			children = (
				722F42EB1930008A004C5A4B /* OpenCV */,
				728DFD35192E958F00D93082 /* Eigen */,
				728DFD2B192E958900D93082 /* Alpha */,
				728DFD2A192E958900D93082 /* Products */,
			);
			sourceTree = "<group>";
		};
		728DFD2A192E958900D93082 /* Products */ = {
			isa = PBXGroup;
			children = (
				728DFD29192E958900D93082 /* Alpha */,
			);
			name = Products;
			sourceTree = "<group>";
		};
		728DFD2B192E958900D93082 /* Alpha */ = {
			isa = PBXGroup;
			children = (
				728DFD3B192E9C8700D93082 /* Resource */,
				728DFD3A192E9C7C00D93082 /* Header */,
				728DFD39192E9C7000D93082 /* Src */,
				728DFD38192E9C6900D93082 /* Helper */,
			);
			path = Alpha;
			sourceTree = "<group>";
		};
		728DFD35192E958F00D93082 /* Eigen */ = {
			isa = PBXGroup;
			children = (
			);
			name = Eigen;
			sourceTree = "<group>";
		};
		728DFD38192E9C6900D93082 /* Helper */ = {
			isa = PBXGroup;
			children = (
				7257CB8F1934E3D00008DBAA /* test.cpp */,
				7257CB901934E3D00008DBAA /* test.h */,
				728DFD3C192E9D2900D93082 /* helper.cpp */,
			);
			name = Helper;
			sourceTree = "<group>";
		};
		728DFD39192E9C7000D93082 /* Src */ = {
			isa = PBXGroup;
			children = (
				728DFD2C192E958900D93082 /* main.cpp */,
				722F42E9192FFEEF004C5A4B /* visual.cpp */,
				721FA5D91933B7A30005D58C /* layer.cpp */,
				721FA5DD19342F490005D58C /* convnet.cpp */,
			);
			name = Src;
			sourceTree = "<group>";
		};
		728DFD3A192E9C7C00D93082 /* Header */ = {
			isa = PBXGroup;
			children = (
				728DFD37192E965900D93082 /* utils.h */,
				728DFD3E192EA38B00D93082 /* helper.h */,
				722F42E8192FFE8D004C5A4B /* visual.h */,
				721FA5DB193411F70005D58C /* layer.h */,
				721FA5DC1934183D0005D58C /* convnet.h */,
				726FE6BA19362F2E009896AC /* configuration.h */,
			);
			name = Header;
			sourceTree = "<group>";
		};
		728DFD3B192E9C8700D93082 /* Resource */ = {
			isa = PBXGroup;
			children = (
				728DFD2E192E958900D93082 /* Alpha.1 */,
			);
			name = Resource;
			sourceTree = "<group>";
		};
/* End PBXGroup section */

/* Begin PBXNativeTarget section */
		728DFD28192E958900D93082 /* Alpha */ = {
			isa = PBXNativeTarget;
			buildConfigurationList = 728DFD32192E958900D93082 /* Build configuration list for PBXNativeTarget "Alpha" */;
			buildPhases = (
				728DFD25192E958900D93082 /* Sources */,
				728DFD26192E958900D93082 /* Frameworks */,
				728DFD27192E958900D93082 /* CopyFiles */,
			);
			buildRules = (
			);
			dependencies = (
			);
			name = Alpha;
			productName = Alpha;
			productReference = 728DFD29192E958900D93082 /* Alpha */;
			productType = "com.apple.product-type.tool";
		};
/* End PBXNativeTarget section */

/* Begin PBXProject section */
		728DFD21192E958900D93082 /* Project object */ = {
			isa = PBXProject;
			attributes = {
				LastUpgradeCheck = 0510;
				ORGANIZATIONNAME = ChengTai;
			};
			buildConfigurationList = 728DFD24192E958900D93082 /* Build configuration list for PBXProject "Alpha" */;
			compatibilityVersion = "Xcode 3.2";
			developmentRegion = English;
			hasScannedForEncodings = 0;
			knownRegions = (
				en,
			);
			mainGroup = 728DFD20192E958900D93082;
			productRefGroup = 728DFD2A192E958900D93082 /* Products */;
			projectDirPath = "";
			projectRoot = "";
			targets = (
				728DFD28192E958900D93082 /* Alpha */,
			);
		};
/* End PBXProject section */

/* Begin PBXSourcesBuildPhase section */
		728DFD25192E958900D93082 /* Sources */ = {
			isa = PBXSourcesBuildPhase;
			buildActionMask = 2147483647;
			files = (
				728DFD2D192E958900D93082 /* main.cpp in Sources */,
				721FA5DA1933B7A30005D58C /* layer.cpp in Sources */,
				728DFD3D192E9D2900D93082 /* helper.cpp in Sources */,
				722F42EA192FFEEF004C5A4B /* visual.cpp in Sources */,
				721FA5DE19342F490005D58C /* convnet.cpp in Sources */,
				7257CB911934E3D00008DBAA /* test.cpp in Sources */,
			);
			runOnlyForDeploymentPostprocessing = 0;
		};
/* End PBXSourcesBuildPhase section */

/* Begin XCBuildConfiguration section */
		728DFD30192E958900D93082 /* Debug */ = {
			isa = XCBuildConfiguration;
			buildSettings = {
				ALWAYS_SEARCH_USER_PATHS = NO;
				CLANG_CXX_LANGUAGE_STANDARD = "gnu++0x";
				CLANG_ENABLE_MODULES = YES;
				CLANG_ENABLE_OBJC_ARC = YES;
				CLANG_WARN_BOOL_CONVERSION = YES;
				CLANG_WARN_CONSTANT_CONVERSION = YES;
				CLANG_WARN_DIRECT_OBJC_ISA_USAGE = YES_ERROR;
				CLANG_WARN_EMPTY_BODY = YES;
				CLANG_WARN_ENUM_CONVERSION = YES;
				CLANG_WARN_INT_CONVERSION = YES;
				CLANG_WARN_OBJC_ROOT_CLASS = YES_ERROR;
				CLANG_WARN__DUPLICATE_METHOD_MATCH = YES;
				COPY_PHASE_STRIP = NO;
				"FRAMEWORK_SEARCH_PATHS[arch=*]" = "";
				GCC_C_LANGUAGE_STANDARD = gnu11;
				GCC_DYNAMIC_NO_PIC = NO;
				GCC_ENABLE_OBJC_EXCEPTIONS = YES;
				GCC_OPTIMIZATION_LEVEL = 0;
				GCC_PREPROCESSOR_DEFINITIONS = (
					"DEBUG=1",
					"$(inherited)",
				);
				GCC_SYMBOLS_PRIVATE_EXTERN = NO;
				GCC_VERSION = 4.8;
				GCC_WARN_64_TO_32_BIT_CONVERSION = YES;
				GCC_WARN_ABOUT_RETURN_TYPE = YES_ERROR;
				GCC_WARN_UNDECLARED_SELECTOR = YES;
				GCC_WARN_UNINITIALIZED_AUTOS = YES_AGGRESSIVE;
				GCC_WARN_UNUSED_FUNCTION = YES;
				GCC_WARN_UNUSED_VARIABLE = YES;
				"HEADER_SEARCH_PATHS[arch=*]" = /usr/local/include;
				"LIBRARY_SEARCH_PATHS[arch=*]" = /usr/local/Cellar/opencv/2.4.8.2/lib;
				MACOSX_DEPLOYMENT_TARGET = 10.8;
				ONLY_ACTIVE_ARCH = YES;
				SDKROOT = macosx;
			};
			name = Debug;
		};
		728DFD31192E958900D93082 /* Release */ = {
			isa = XCBuildConfiguration;
			buildSettings = {
				ALWAYS_SEARCH_USER_PATHS = NO;
				CLANG_CXX_LANGUAGE_STANDARD = "gnu++0x";
				CLANG_ENABLE_MODULES = YES;
				CLANG_ENABLE_OBJC_ARC = YES;
				CLANG_WARN_BOOL_CONVERSION = YES;
				CLANG_WARN_CONSTANT_CONVERSION = YES;
				CLANG_WARN_DIRECT_OBJC_ISA_USAGE = YES_ERROR;
				CLANG_WARN_EMPTY_BODY = YES;
				CLANG_WARN_ENUM_CONVERSION = YES;
				CLANG_WARN_INT_CONVERSION = YES;
				CLANG_WARN_OBJC_ROOT_CLASS = YES_ERROR;
				CLANG_WARN__DUPLICATE_METHOD_MATCH = YES;
				COPY_PHASE_STRIP = YES;
				DEBUG_INFORMATION_FORMAT = "dwarf-with-dsym";
				ENABLE_NS_ASSERTIONS = NO;
				GCC_C_LANGUAGE_STANDARD = gnu11;
				GCC_ENABLE_OBJC_EXCEPTIONS = YES;
				GCC_VERSION = 4.8;
				GCC_WARN_64_TO_32_BIT_CONVERSION = YES;
				GCC_WARN_ABOUT_RETURN_TYPE = YES_ERROR;
				GCC_WARN_UNDECLARED_SELECTOR = YES;
				GCC_WARN_UNINITIALIZED_AUTOS = YES_AGGRESSIVE;
				GCC_WARN_UNUSED_FUNCTION = YES;
				GCC_WARN_UNUSED_VARIABLE = YES;
				"HEADER_SEARCH_PATHS[arch=*]" = /usr/local/include;
				"LIBRARY_SEARCH_PATHS[arch=*]" = /usr/local/Cellar/opencv/2.4.8.2/lib;
				MACOSX_DEPLOYMENT_TARGET = 10.8;
				SDKROOT = macosx;
			};
			name = Release;
		};
		728DFD33192E958900D93082 /* Debug */ = {
			isa = XCBuildConfiguration;
			buildSettings = {
				"HEADER_SEARCH_PATHS[arch=*]" = (
					"../,",
					/usr/local/include,
				);
				LIBRARY_SEARCH_PATHS = (
					"$(inherited)",
					/usr/local/Cellar/opencv/2.4.8.2/lib,
				);
				PRODUCT_NAME = "$(TARGET_NAME)";
			};
			name = Debug;
		};
		728DFD34192E958900D93082 /* Release */ = {
			isa = XCBuildConfiguration;
			buildSettings = {
				"HEADER_SEARCH_PATHS[arch=*]" = "/usr/local/include,../";
				LIBRARY_SEARCH_PATHS = (
					"$(inherited)",
					/usr/local/Cellar/opencv/2.4.8.2/lib,
				);
				PRODUCT_NAME = "$(TARGET_NAME)";
			};
			name = Release;
		};
/* End XCBuildConfiguration section */

/* Begin XCConfigurationList section */
		728DFD24192E958900D93082 /* Build configuration list for PBXProject "Alpha" */ = {
			isa = XCConfigurationList;
			buildConfigurations = (
				728DFD30192E958900D93082 /* Debug */,
				728DFD31192E958900D93082 /* Release */,
			);
			defaultConfigurationIsVisible = 0;
			defaultConfigurationName = Release;
		};
		728DFD32192E958900D93082 /* Build configuration list for PBXNativeTarget "Alpha" */ = {
			isa = XCConfigurationList;
			buildConfigurations = (
				728DFD33192E958900D93082 /* Debug */,
				728DFD34192E958900D93082 /* Release */,
			);
			defaultConfigurationIsVisible = 0;
			defaultConfigurationName = Release;
		};
/* End XCConfigurationList section */
	};
	rootObject = 728DFD21192E958900D93082 /* Project object */;
}
