// !$*UTF8*$!
{
	archiveVersion = 1;
	classes = {
	};
	objectVersion = 46;
	objects = {

/* Begin PBXBuildFile section */
		7211D2041946ACEE00A9F5DF /* utils.cpp in Sources */ = {isa = PBXBuildFile; fileRef = 7211D2031946ACEE00A9F5DF /* utils.cpp */; };
		7226E8061947FD2C00CE5C24 /* libarmadillo.4.30.3.dylib in Frameworks */ = {isa = PBXBuildFile; fileRef = 7226E8051947FD2C00CE5C24 /* libarmadillo.4.30.3.dylib */; };
		7226E8091948025900CE5C24 /* models.cpp in Sources */ = {isa = PBXBuildFile; fileRef = 7226E8081948025900CE5C24 /* models.cpp */; };
		72B3D3FB19456F620085D0A1 /* main.cpp in Sources */ = {isa = PBXBuildFile; fileRef = 72B3D3FA19456F620085D0A1 /* main.cpp */; };
		72FB456E19462B810093BE9B /* layer.cpp in Sources */ = {isa = PBXBuildFile; fileRef = 72FB456D19462B810093BE9B /* layer.cpp */; };
		72FB45721946307A0093BE9B /* convcore.cpp in Sources */ = {isa = PBXBuildFile; fileRef = 72FB45701946307A0093BE9B /* convcore.cpp */; };
/* End PBXBuildFile section */

/* Begin PBXCopyFilesBuildPhase section */
		72B3D3F519456F620085D0A1 /* CopyFiles */ = {
			isa = PBXCopyFilesBuildPhase;
			buildActionMask = 2147483647;
			dstPath = /usr/share/man/man1/;
			dstSubfolderSpec = 0;
			files = (
			);
			runOnlyForDeploymentPostprocessing = 1;
		};
/* End PBXCopyFilesBuildPhase section */

/* Begin PBXFileReference section */
		7211D2021946ACD700A9F5DF /* utils.h */ = {isa = PBXFileReference; lastKnownFileType = sourcecode.c.h; path = utils.h; sourceTree = "<group>"; };
		7211D2031946ACEE00A9F5DF /* utils.cpp */ = {isa = PBXFileReference; fileEncoding = 4; lastKnownFileType = sourcecode.cpp.cpp; path = utils.cpp; sourceTree = "<group>"; };
		7226E8051947FD2C00CE5C24 /* libarmadillo.4.30.3.dylib */ = {isa = PBXFileReference; lastKnownFileType = "compiled.mach-o.dylib"; path = libarmadillo.4.30.3.dylib; sourceTree = "<group>"; };
		7226E8071948024900CE5C24 /* models.h */ = {isa = PBXFileReference; lastKnownFileType = sourcecode.c.h; path = models.h; sourceTree = "<group>"; };
		7226E8081948025900CE5C24 /* models.cpp */ = {isa = PBXFileReference; fileEncoding = 4; lastKnownFileType = sourcecode.cpp.cpp; path = models.cpp; sourceTree = "<group>"; };
		72B3D3F719456F620085D0A1 /* beta */ = {isa = PBXFileReference; explicitFileType = "compiled.mach-o.executable"; includeInIndex = 0; path = beta; sourceTree = BUILT_PRODUCTS_DIR; };
		72B3D3FA19456F620085D0A1 /* main.cpp */ = {isa = PBXFileReference; lastKnownFileType = sourcecode.cpp.cpp; path = main.cpp; sourceTree = "<group>"; };
		72B3D4031945703C0085D0A1 /* layer.h */ = {isa = PBXFileReference; lastKnownFileType = sourcecode.c.h; path = layer.h; sourceTree = "<group>"; };
		72B3D4041945719D0085D0A1 /* stdafx.h */ = {isa = PBXFileReference; lastKnownFileType = sourcecode.c.h; path = stdafx.h; sourceTree = "<group>"; };
		72FB456D19462B810093BE9B /* layer.cpp */ = {isa = PBXFileReference; fileEncoding = 4; lastKnownFileType = sourcecode.cpp.cpp; path = layer.cpp; sourceTree = "<group>"; };
		72FB45701946307A0093BE9B /* convcore.cpp */ = {isa = PBXFileReference; fileEncoding = 4; lastKnownFileType = sourcecode.cpp.cpp; path = convcore.cpp; sourceTree = "<group>"; };
		72FB4573194631770093BE9B /* convcore.h */ = {isa = PBXFileReference; lastKnownFileType = sourcecode.c.h; path = convcore.h; sourceTree = "<group>"; };
/* End PBXFileReference section */

/* Begin PBXFrameworksBuildPhase section */
		72B3D3F419456F620085D0A1 /* Frameworks */ = {
			isa = PBXFrameworksBuildPhase;
			buildActionMask = 2147483647;
			files = (
				7226E8061947FD2C00CE5C24 /* libarmadillo.4.30.3.dylib in Frameworks */,
			);
			runOnlyForDeploymentPostprocessing = 0;
		};
/* End PBXFrameworksBuildPhase section */

/* Begin PBXGroup section */
		72B3D3EE19456F620085D0A1 = {
			isa = PBXGroup;
			children = (
				7226E8051947FD2C00CE5C24 /* libarmadillo.4.30.3.dylib */,
				72B3D3F919456F620085D0A1 /* beta */,
				72B3D3F819456F620085D0A1 /* Products */,
			);
			sourceTree = "<group>";
		};
		72B3D3F819456F620085D0A1 /* Products */ = {
			isa = PBXGroup;
			children = (
				72B3D3F719456F620085D0A1 /* beta */,
			);
			name = Products;
			sourceTree = "<group>";
		};
		72B3D3F919456F620085D0A1 /* beta */ = {
			isa = PBXGroup;
			children = (
				72B3D3FA19456F620085D0A1 /* main.cpp */,
				72B3D4031945703C0085D0A1 /* layer.h */,
				72B3D4041945719D0085D0A1 /* stdafx.h */,
				72FB456D19462B810093BE9B /* layer.cpp */,
				72FB45701946307A0093BE9B /* convcore.cpp */,
				72FB4573194631770093BE9B /* convcore.h */,
				7211D2021946ACD700A9F5DF /* utils.h */,
				7211D2031946ACEE00A9F5DF /* utils.cpp */,
				7226E8071948024900CE5C24 /* models.h */,
				7226E8081948025900CE5C24 /* models.cpp */,
			);
			path = beta;
			sourceTree = "<group>";
		};
/* End PBXGroup section */

/* Begin PBXNativeTarget section */
		72B3D3F619456F620085D0A1 /* beta */ = {
			isa = PBXNativeTarget;
			buildConfigurationList = 72B3D40019456F620085D0A1 /* Build configuration list for PBXNativeTarget "beta" */;
			buildPhases = (
				72B3D3F319456F620085D0A1 /* Sources */,
				72B3D3F419456F620085D0A1 /* Frameworks */,
				72B3D3F519456F620085D0A1 /* CopyFiles */,
			);
			buildRules = (
			);
			dependencies = (
			);
			name = beta;
			productName = beta;
			productReference = 72B3D3F719456F620085D0A1 /* beta */;
			productType = "com.apple.product-type.tool";
		};
/* End PBXNativeTarget section */

/* Begin PBXProject section */
		72B3D3EF19456F620085D0A1 /* Project object */ = {
			isa = PBXProject;
			attributes = {
				LastUpgradeCheck = 0510;
				ORGANIZATIONNAME = ChengTai;
			};
			buildConfigurationList = 72B3D3F219456F620085D0A1 /* Build configuration list for PBXProject "beta" */;
			compatibilityVersion = "Xcode 3.2";
			developmentRegion = English;
			hasScannedForEncodings = 0;
			knownRegions = (
				en,
			);
			mainGroup = 72B3D3EE19456F620085D0A1;
			productRefGroup = 72B3D3F819456F620085D0A1 /* Products */;
			projectDirPath = "";
			projectRoot = "";
			targets = (
				72B3D3F619456F620085D0A1 /* beta */,
			);
		};
/* End PBXProject section */

/* Begin PBXSourcesBuildPhase section */
		72B3D3F319456F620085D0A1 /* Sources */ = {
			isa = PBXSourcesBuildPhase;
			buildActionMask = 2147483647;
			files = (
				7226E8091948025900CE5C24 /* models.cpp in Sources */,
				72B3D3FB19456F620085D0A1 /* main.cpp in Sources */,
				72FB45721946307A0093BE9B /* convcore.cpp in Sources */,
				72FB456E19462B810093BE9B /* layer.cpp in Sources */,
				7211D2041946ACEE00A9F5DF /* utils.cpp in Sources */,
			);
			runOnlyForDeploymentPostprocessing = 0;
		};
/* End PBXSourcesBuildPhase section */

/* Begin XCBuildConfiguration section */
		72B3D3FE19456F620085D0A1 /* Debug */ = {
			isa = XCBuildConfiguration;
			buildSettings = {
				ALWAYS_SEARCH_USER_PATHS = NO;
				CLANG_CXX_LANGUAGE_STANDARD = "c++0x";
				CLANG_CXX_LIBRARY = "libc++";
				CLANG_ENABLE_MODULES = YES;
				CLANG_ENABLE_OBJC_ARC = YES;
				CLANG_WARN_BOOL_CONVERSION = YES;
				CLANG_WARN_CONSTANT_CONVERSION = YES;
				CLANG_WARN_DIRECT_OBJC_ISA_USAGE = YES_ERROR;
				CLANG_WARN_EMPTY_BODY = YES;
				CLANG_WARN_ENUM_CONVERSION = YES;
				CLANG_WARN_INT_CONVERSION = YES;
				CLANG_WARN_OBJC_ROOT_CLASS = YES_ERROR;
				CLANG_WARN__DUPLICATE_METHOD_MATCH = YES;
				COPY_PHASE_STRIP = NO;
				GCC_C_LANGUAGE_STANDARD = c11;
				GCC_DYNAMIC_NO_PIC = NO;
				GCC_ENABLE_OBJC_EXCEPTIONS = YES;
				GCC_OPTIMIZATION_LEVEL = 0;
				GCC_PREPROCESSOR_DEFINITIONS = (
					"DEBUG=1",
					"$(inherited)",
				);
				GCC_SYMBOLS_PRIVATE_EXTERN = NO;
				GCC_VERSION = "";
				GCC_WARN_64_TO_32_BIT_CONVERSION = YES;
				GCC_WARN_ABOUT_RETURN_TYPE = YES_ERROR;
				GCC_WARN_UNDECLARED_SELECTOR = YES;
				GCC_WARN_UNINITIALIZED_AUTOS = YES_AGGRESSIVE;
				GCC_WARN_UNUSED_FUNCTION = YES;
				GCC_WARN_UNUSED_VARIABLE = YES;
				"HEADER_SEARCH_PATHS[arch=*]" = (
					"/usr/local/include,",
					/usr/include,
				);
				MACOSX_DEPLOYMENT_TARGET = 10.8;
				ONLY_ACTIVE_ARCH = YES;
				SDKROOT = macosx;
			};
			name = Debug;
		};
		72B3D3FF19456F620085D0A1 /* Release */ = {
			isa = XCBuildConfiguration;
			buildSettings = {
				ALWAYS_SEARCH_USER_PATHS = NO;
				CLANG_CXX_LANGUAGE_STANDARD = "c++0x";
				CLANG_CXX_LIBRARY = "libc++";
				CLANG_ENABLE_MODULES = YES;
				CLANG_ENABLE_OBJC_ARC = YES;
				CLANG_WARN_BOOL_CONVERSION = YES;
				CLANG_WARN_CONSTANT_CONVERSION = YES;
				CLANG_WARN_DIRECT_OBJC_ISA_USAGE = YES_ERROR;
				CLANG_WARN_EMPTY_BODY = YES;
				CLANG_WARN_ENUM_CONVERSION = YES;
				CLANG_WARN_INT_CONVERSION = YES;
				CLANG_WARN_OBJC_ROOT_CLASS = YES_ERROR;
				CLANG_WARN__DUPLICATE_METHOD_MATCH = YES;
				COPY_PHASE_STRIP = YES;
				DEBUG_INFORMATION_FORMAT = "dwarf-with-dsym";
				ENABLE_NS_ASSERTIONS = NO;
				GCC_C_LANGUAGE_STANDARD = c11;
				GCC_ENABLE_OBJC_EXCEPTIONS = YES;
				GCC_OPTIMIZATION_LEVEL = s;
				GCC_VERSION = "";
				GCC_WARN_64_TO_32_BIT_CONVERSION = YES;
				GCC_WARN_ABOUT_RETURN_TYPE = YES_ERROR;
				GCC_WARN_UNDECLARED_SELECTOR = YES;
				GCC_WARN_UNINITIALIZED_AUTOS = YES_AGGRESSIVE;
				GCC_WARN_UNUSED_FUNCTION = YES;
				GCC_WARN_UNUSED_VARIABLE = YES;
				"HEADER_SEARCH_PATHS[arch=*]" = "/usr/local/include,/usr/include";
				MACOSX_DEPLOYMENT_TARGET = 10.8;
				SDKROOT = macosx;
			};
			name = Release;
		};
		72B3D40119456F620085D0A1 /* Debug */ = {
			isa = XCBuildConfiguration;
			buildSettings = {
				"HEADER_SEARCH_PATHS[arch=*]" = /usr/local/include;
				LIBRARY_SEARCH_PATHS = (
					"$(inherited)",
					"$(PROJECT_DIR)",
				);
				PRODUCT_NAME = "$(TARGET_NAME)";
			};
			name = Debug;
		};
		72B3D40219456F620085D0A1 /* Release */ = {
			isa = XCBuildConfiguration;
			buildSettings = {
				HEADER_SEARCH_PATHS = /usr/local/include;
				LIBRARY_SEARCH_PATHS = (
					"$(inherited)",
					"$(PROJECT_DIR)",
				);
				PRODUCT_NAME = "$(TARGET_NAME)";
			};
			name = Release;
		};
/* End XCBuildConfiguration section */

/* Begin XCConfigurationList section */
		72B3D3F219456F620085D0A1 /* Build configuration list for PBXProject "beta" */ = {
			isa = XCConfigurationList;
			buildConfigurations = (
				72B3D3FE19456F620085D0A1 /* Debug */,
				72B3D3FF19456F620085D0A1 /* Release */,
			);
			defaultConfigurationIsVisible = 0;
			defaultConfigurationName = Release;
		};
		72B3D40019456F620085D0A1 /* Build configuration list for PBXNativeTarget "beta" */ = {
			isa = XCConfigurationList;
			buildConfigurations = (
				72B3D40119456F620085D0A1 /* Debug */,
				72B3D40219456F620085D0A1 /* Release */,
			);
			defaultConfigurationIsVisible = 0;
			defaultConfigurationName = Release;
		};
/* End XCConfigurationList section */
	};
	rootObject = 72B3D3EF19456F620085D0A1 /* Project object */;
}
